PODS:
  - Flutter (1.0.0)
  - volt_threshold (0.0.1):
    - Flutter

DEPENDENCIES:
  - Flutter (from `Flutter`)
  - volt_threshold (from `.symlinks/plugins/volt_threshold/ios`)

EXTERNAL SOURCES:
  Flutter:
    :path: Flutter
  volt_threshold:
    :path: ".symlinks/plugins/volt_threshold/ios"

SPEC CHECKSUMS:
  Flutter: 0e3d915762c693b495b44d77113d4970485de6ec
  volt_threshold: 74e21ad147b73d370abcda116dcbcfb41e7c22a8

PODFILE CHECKSUM: c34e2287a9ccaa606aeceab922830efb9a6ff69a

COCOAPODS: 1.9.1
